
Microsoft Visual Studio Solution File, Format Version 12.00
Project("{FAE04EC0-301F-11D3-BF4B-00C04F79EFBC}") = "group_14_assignment_5", "group_14_assignment_5\group_14_assignment_5.csproj", "{299B7D15-1D10-45AC-9201-29AC23AA4BC3}"
EndProject
Global
	GlobalSection(SolutionConfigurationPlatforms) = preSolution
		Debug|Any CPU = Debug|Any CPU
		Release|Any CPU = Release|Any CPU
	EndGlobalSection
	GlobalSection(ProjectConfigurationPlatforms) = postSolution
		{299B7D15-1D10-45AC-9201-29AC23AA4BC3}.Debug|Any CPU.ActiveCfg = Debug|Any CPU
		{299B7D15-1D10-45AC-9201-29AC23AA4BC3}.Debug|Any CPU.Build.0 = Debug|Any CPU
		{299B7D15-1D10-45AC-9201-29AC23AA4BC3}.Release|Any CPU.ActiveCfg = Release|Any CPU
		{299B7D15-1D10-45AC-9201-29AC23AA4BC3}.Release|Any CPU.Build.0 = Release|Any CPU
	EndGlobalSection
EndGlobal
